{
  "meteor": {},
  "dependencies": {
    "basePackages": {
      "cfs-file": {
        "path": "."
      }
    },
    "packages": {
      "cfs-file": {
        "path": "."
      },
      "cfs-base-package": {
        "git": "https://github.com/CollectionFS/Meteor-cfs-base-package.git",
        "branch": "master",
        "commit": "24c45435ff1786c27ad0c05712d671e956518c46"
      },
      "cfs-filesaver": {
        "git": "https://github.com/CollectionFS/Meteor-cfs-filesaver.git",
        "branch": "master",
        "commit": "f429c126f8fd7e5d0448d23de6dcd5d2d8cfca9a"
      },
      "cfs-storage-adapter": {
        "git": "https://github.com/CollectionFS/Meteor-cfs-storage-adapter.git",
        "branch": "master",
        "commit": "83f9b11525ca959275d7d6794cf06abfc1ac1c00"
      },
      "collectionFS": {
        "git": "https://github.com/CollectionFS/Meteor-CollectionFS.git",
        "branch": "devel",
        "commit": "07152c6806527d3f0f069c0f88fb47875a0a66be"
      },
      "http-methods": {
        "git": "https://github.com/CollectionFS/Meteor-http-methods.git",
        "branch": "master",
        "commit": "e675e95d169f523d79d1256fca10f68cd0233d51"
      },
      "cfs-transfer": {
        "git": "https://github.com/CollectionFS/Meteor-cfs-transfer.git",
        "branch": "master",
        "commit": "8fbcbff962cda2e0d97fbe6126e19db4042fd6b5"
      },
      "cfs-ejson-file": {
        "git": "https://github.com/CollectionFS/Meteor-cfs-ejson-file.git",
        "branch": "master",
        "commit": "25f054b2454cd1bdf8903d5d8fdf2483205bf91a"
      },
      "cfs-collection": {
        "git": "https://github.com/CollectionFS/Meteor-cfs-collection.git",
        "branch": "master",
        "commit": "b5b4316682bc39e3e65859707ed6e981a851d746"
      },
      "cfs-access-point": {
        "git": "https://github.com/CollectionFS/Meteor-cfs-access-point.git",
        "branch": "master",
        "commit": "a05349b8a1c268f3759658028744ce3c17d45f80"
      },
      "cfs-worker": {
        "git": "https://github.com/CollectionFS/Meteor-cfs-worker.git",
        "branch": "master",
        "commit": "9fcbaee266dea23b4f644536b8f2a9f22ac59126"
      },
      "cfs-upload-http": {
        "git": "https://github.com/CollectionFS/Meteor-cfs-upload-http.git",
        "branch": "master",
        "commit": "7050078a1acc3c4acbd3663dc7849e6e7dac187d"
      },
      "power-queue": {
        "git": "https://github.com/CollectionFS/Meteor-power-queue.git",
        "branch": "master",
        "commit": "392ff52095b1210fe25dc91283366de3bc18d071"
      },
      "reactive-list": {
        "git": "https://github.com/CollectionFS/Meteor-reactive-list.git",
        "branch": "master",
        "commit": "eeecad2971e85dfb67b337f8469b2eff6ddcf9ec"
      },
      "cfs-upload-ddp": {
        "git": "https://github.com/CollectionFS/Meteor-cfs-upload-ddp.git",
        "branch": "master",
        "commit": "c73548c5428281bfce19b38de09a4240e757c3c8"
      },
      "http-publish": {
        "git": "https://github.com/CollectionFS/Meteor-http-publish.git",
        "branch": "master",
        "commit": "e74830479276de95629f85b6116310e10529dcdd"
      },
      "cfs-gridfs": {
        "git": "https://github.com/CollectionFS/Meteor-cfs-gridfs.git",
        "branch": "master",
        "commit": "3233022fa57346a7b54898c7a56bc7388ffcf64a"
      },
      "cfs-tempstore": {
        "git": "https://github.com/CollectionFS/Meteor-cfs-tempstore.git",
        "branch": "master",
        "commit": "88cf79c3a8d9da456de2f6fa02da28b687a05d05"
      },
      "reactive-property": {
        "git": "https://github.com/CollectionFS/Meteor-reactive-property.git",
        "branch": "master",
        "commit": "fcd9d1cafbc2d86d5a25fb3c1d92a6d0348b6e08"
      },
      "micro-queue": {
        "git": "https://github.com/CollectionFS/Meteor-micro-queue.git",
        "branch": "master",
        "commit": "d9ccd457508380837304924a3347e02616896a4b"
      }
    }
  }
}
