{
  "meteor": {},
  "dependencies": {
    "basePackages": {
      "cfs-access-point": {
        "path": "."
      }
    },
    "packages": {
      "cfs-access-point": {
        "path": "."
      },
      "cfs-base-package": {
        "git": "https://github.com/CollectionFS/Meteor-cfs-base-package.git",
        "branch": "master",
        "commit": "cedbd1e757adc320822f7feab3d075c65bc8a716"
      },
      "http-methods": {
        "git": "https://github.com/CollectionFS/Meteor-http-methods.git",
        "branch": "master",
        "commit": "b64e4c2cb08ccabf9e8cb57528ae4db5595fed38"
      },
      "http-publish": {
        "git": "https://github.com/CollectionFS/Meteor-http-publish.git",
        "branch": "master",
        "commit": "e74830479276de95629f85b6116310e10529dcdd"
      },
      "cfs-file": {
        "git": "https://github.com/CollectionFS/Meteor-cfs-file.git",
        "branch": "master",
        "commit": "1ed58b96c37e567a40f1bd8b9a04d973d40a8a2c"
      },
      "collectionFS": {
        "git": "https://github.com/CollectionFS/Meteor-CollectionFS.git",
        "branch": "devel",
        "commit": "7c522e47765848de7ea91ec91fec382bc6217aae"
      },
      "cfs-gridfs": {
        "git": "https://github.com/CollectionFS/Meteor-cfs-gridfs.git",
        "branch": "master",
        "commit": "6380621bab9ae9fc35b19b0d8af959b982208afd"
      },
      "cfs-filesaver": {
        "git": "https://github.com/CollectionFS/Meteor-cfs-filesaver.git",
        "branch": "master",
        "commit": "f429c126f8fd7e5d0448d23de6dcd5d2d8cfca9a"
      },
      "cfs-storage-adapter": {
        "git": "https://github.com/CollectionFS/Meteor-cfs-storage-adapter.git",
        "branch": "master",
        "commit": "b530917180f914c39d92aee14a99d4292baeea67"
      },
      "cfs-collection": {
        "git": "https://github.com/CollectionFS/Meteor-cfs-collection.git",
        "branch": "master",
        "commit": "c7550b1af6dbe25bf60ef220b6dd0e3e37912c52"
      },
      "cfs-ejson-file": {
        "git": "https://github.com/CollectionFS/Meteor-cfs-ejson-file.git",
        "branch": "master",
        "commit": "ce142259fdcbd997da59e513108b6ac87f5b4e18"
      },
      "cfs-worker": {
        "git": "https://github.com/CollectionFS/Meteor-cfs-worker.git",
        "branch": "master",
        "commit": "7897c36c268bbe19050ddd1e62b4891b8f1dc9ca"
      },
      "cfs-upload-http": {
        "git": "https://github.com/CollectionFS/Meteor-cfs-upload-http.git",
        "branch": "master",
        "commit": "9250540bf4be50ab2b779d40bdb667aba167d393"
      },
      "cfs-upload-ddp": {
        "git": "https://github.com/CollectionFS/Meteor-cfs-upload-ddp.git",
        "branch": "master",
        "commit": "a6326d7bb8d47f6ef4154df9d2dab9e97a454a5d"
      },
      "cfs-tempstore": {
        "git": "https://github.com/CollectionFS/Meteor-cfs-tempstore.git",
        "branch": "master",
        "commit": "7fb542a44e333ff4530df683f61df684688d9945"
      },
      "power-queue": {
        "git": "https://github.com/CollectionFS/Meteor-power-queue.git",
        "branch": "master",
        "commit": "8f032f18c2e8c44c127d4e5510beb86f4fadbb96"
      },
      "reactive-list": {
        "git": "https://github.com/CollectionFS/Meteor-reactive-list.git",
        "branch": "master",
        "commit": "aa63c3b24e054695dbcabee4a60e8c2cab4a315d"
      },
      "reactive-property": {
        "git": "https://github.com/CollectionFS/Meteor-reactive-property.git",
        "branch": "master",
        "commit": "fcd9d1cafbc2d86d5a25fb3c1d92a6d0348b6e08"
      },
      "micro-queue": {
        "git": "https://github.com/CollectionFS/Meteor-micro-queue.git",
        "branch": "master",
        "commit": "d9ccd457508380837304924a3347e02616896a4b"
      }
    }
  }
}
