{
  "dependencies": {
    "gm": {
      "version": "1.13.1",
      "dependencies": {
        "debug": {
          "version": "0.7.0"
        },
        "array-series": {
          "version": "0.1.4"
        },
        "array-parallel": {
          "version": "0.1.2"
        },
        "stream-to-buffer": {
          "version": "0.0.1"
        },
        "through": {
          "version": "2.3.4"
        }
      }
    },
    "knox": {
      "version": "0.8.6",
      "dependencies": {
        "mime": {
          "version": "1.2.11"
        },
        "xml2js": {
          "version": "0.2.8",
          "dependencies": {
            "sax": {
              "version": "0.5.5"
            }
          }
        },
        "debug": {
          "version": "0.7.2"
        },
        "stream-counter": {
          "version": "0.1.0",
          "dependencies": {
            "readable-stream": {
              "version": "1.0.17"
            }
          }
        }
      }
    },
    "connect": {
      "version": "2.9.0",
      "dependencies": {
        "qs": {
          "version": "0.6.5"
        },
        "cookie-signature": {
          "version": "1.0.1"
        },
        "buffer-crc32": {
          "version": "0.2.1"
        },
        "cookie": {
          "version": "0.1.0"
        },
        "send": {
          "version": "0.1.4",
          "dependencies": {
            "mime": {
              "version": "1.2.11"
            },
            "range-parser": {
              "version": "0.0.4"
            }
          }
        },
        "bytes": {
          "version": "0.2.0"
        },
        "fresh": {
          "version": "0.2.0"
        },
        "pause": {
          "version": "0.0.1"
        },
        "uid2": {
          "version": "0.0.2"
        },
        "debug": {
          "version": "0.7.2"
        },
        "methods": {
          "version": "0.0.1"
        },
        "multiparty": {
          "version": "2.1.8",
          "dependencies": {
            "readable-stream": {
              "version": "1.0.17"
            },
            "stream-counter": {
              "version": "0.1.0"
            }
          }
        }
      }
    }
  }
}
