{
  "meteor": {},
  "dependencies": {
    "basePackages": {
      "bootstrap-3": {},
      "collectionFS": {},
      "handlebar-helpers": {}
    },
    "packages": {
      "bootstrap-3": {
        "git": "https://github.com/mangasocial/meteor-bootstrap-3.git",
        "tag": "v0.2.8",
        "commit": "8026f0beaa0274849adfcf8c53d919216b5e06ba"
      },
      "collectionFS": {
        "git": "https://github.com/raix/Meteor-CollectionFS.git",
        "tag": "v0.2.3",
        "commit": "4a1b9298a7ce64269fd14be29d9c4797b9253103"
      },
      "handlebar-helpers": {
        "git": "https://github.com/raix/Meteor-handlebar-helpers.git",
        "tag": "v0.0.6",
        "commit": "8ca9ab1edcbb7d1ef935d4ad8c7e32479ea70b24"
      }
    }
  }
}
